// !$*UTF8*$!
{
	archiveVersion = 1;
	classes = {
	};
	objectVersion = 46;
	objects = {

/* Begin PBXBuildFile section */
		7003341517143C390045F19F /* UIKit.framework in Frameworks */ = {isa = PBXBuildFile; fileRef = 7003341417143C390045F19F /* UIKit.framework */; };
		7003341717143C390045F19F /* Foundation.framework in Frameworks */ = {isa = PBXBuildFile; fileRef = 7003341617143C390045F19F /* Foundation.framework */; };
		7003341917143C390045F19F /* CoreGraphics.framework in Frameworks */ = {isa = PBXBuildFile; fileRef = 7003341817143C390045F19F /* CoreGraphics.framework */; };
		7003341F17143C390045F19F /* InfoPlist.strings in Resources */ = {isa = PBXBuildFile; fileRef = 7003341D17143C390045F19F /* InfoPlist.strings */; };
		7003342117143C390045F19F /* main.m in Sources */ = {isa = PBXBuildFile; fileRef = 7003342017143C390045F19F /* main.m */; };
		7003342517143C390045F19F /* AppDelegate.m in Sources */ = {isa = PBXBuildFile; fileRef = 7003342417143C390045F19F /* AppDelegate.m */; };
		7003342717143C390045F19F /* Default.png in Resources */ = {isa = PBXBuildFile; fileRef = 7003342617143C390045F19F /* Default.png */; };
		7003342917143C390045F19F /* Default@2x.png in Resources */ = {isa = PBXBuildFile; fileRef = 7003342817143C390045F19F /* Default@2x.png */; };
		7003342B17143C390045F19F /* Default-568h@2x.png in Resources */ = {isa = PBXBuildFile; fileRef = 7003342A17143C390045F19F /* Default-568h@2x.png */; };
		7003342E17143C390045F19F /* RootViewController.m in Sources */ = {isa = PBXBuildFile; fileRef = 7003342D17143C390045F19F /* RootViewController.m */; };
		7003343117143C390045F19F /* DataViewController.m in Sources */ = {isa = PBXBuildFile; fileRef = 7003343017143C390045F19F /* DataViewController.m */; };
		7003343417143C390045F19F /* ModelController.m in Sources */ = {isa = PBXBuildFile; fileRef = 7003343317143C390045F19F /* ModelController.m */; };
		7003343717143C390045F19F /* MainStoryboard.storyboard in Resources */ = {isa = PBXBuildFile; fileRef = 7003343517143C390045F19F /* MainStoryboard.storyboard */; };
/* End PBXBuildFile section */

/* Begin PBXFileReference section */
		7003341117143C390045F19F /* pageBaseDemo.app */ = {isa = PBXFileReference; explicitFileType = wrapper.application; includeInIndex = 0; path = pageBaseDemo.app; sourceTree = BUILT_PRODUCTS_DIR; };
		7003341417143C390045F19F /* UIKit.framework */ = {isa = PBXFileReference; lastKnownFileType = wrapper.framework; name = UIKit.framework; path = System/Library/Frameworks/UIKit.framework; sourceTree = SDKROOT; };
		7003341617143C390045F19F /* Foundation.framework */ = {isa = PBXFileReference; lastKnownFileType = wrapper.framework; name = Foundation.framework; path = System/Library/Frameworks/Foundation.framework; sourceTree = SDKROOT; };
		7003341817143C390045F19F /* CoreGraphics.framework */ = {isa = PBXFileReference; lastKnownFileType = wrapper.framework; name = CoreGraphics.framework; path = System/Library/Frameworks/CoreGraphics.framework; sourceTree = SDKROOT; };
		7003341C17143C390045F19F /* pageBaseDemo-Info.plist */ = {isa = PBXFileReference; lastKnownFileType = text.plist.xml; path = "pageBaseDemo-Info.plist"; sourceTree = "<group>"; };
		7003341E17143C390045F19F /* en */ = {isa = PBXFileReference; lastKnownFileType = text.plist.strings; name = en; path = en.lproj/InfoPlist.strings; sourceTree = "<group>"; };
		7003342017143C390045F19F /* main.m */ = {isa = PBXFileReference; lastKnownFileType = sourcecode.c.objc; path = main.m; sourceTree = "<group>"; };
		7003342217143C390045F19F /* pageBaseDemo-Prefix.pch */ = {isa = PBXFileReference; lastKnownFileType = sourcecode.c.h; path = "pageBaseDemo-Prefix.pch"; sourceTree = "<group>"; };
		7003342317143C390045F19F /* AppDelegate.h */ = {isa = PBXFileReference; lastKnownFileType = sourcecode.c.h; path = AppDelegate.h; sourceTree = "<group>"; };
		7003342417143C390045F19F /* AppDelegate.m */ = {isa = PBXFileReference; lastKnownFileType = sourcecode.c.objc; path = AppDelegate.m; sourceTree = "<group>"; };
		7003342617143C390045F19F /* Default.png */ = {isa = PBXFileReference; lastKnownFileType = image.png; path = Default.png; sourceTree = "<group>"; };
		7003342817143C390045F19F /* Default@2x.png */ = {isa = PBXFileReference; lastKnownFileType = image.png; path = "Default@2x.png"; sourceTree = "<group>"; };
		7003342A17143C390045F19F /* Default-568h@2x.png */ = {isa = PBXFileReference; lastKnownFileType = image.png; path = "Default-568h@2x.png"; sourceTree = "<group>"; };
		7003342C17143C390045F19F /* RootViewController.h */ = {isa = PBXFileReference; lastKnownFileType = sourcecode.c.h; path = RootViewController.h; sourceTree = "<group>"; };
		7003342D17143C390045F19F /* RootViewController.m */ = {isa = PBXFileReference; lastKnownFileType = sourcecode.c.objc; path = RootViewController.m; sourceTree = "<group>"; };
		7003342F17143C390045F19F /* DataViewController.h */ = {isa = PBXFileReference; lastKnownFileType = sourcecode.c.h; path = DataViewController.h; sourceTree = "<group>"; };
		7003343017143C390045F19F /* DataViewController.m */ = {isa = PBXFileReference; lastKnownFileType = sourcecode.c.objc; path = DataViewController.m; sourceTree = "<group>"; };
		7003343217143C390045F19F /* ModelController.h */ = {isa = PBXFileReference; lastKnownFileType = sourcecode.c.h; path = ModelController.h; sourceTree = "<group>"; };
		7003343317143C390045F19F /* ModelController.m */ = {isa = PBXFileReference; lastKnownFileType = sourcecode.c.objc; path = ModelController.m; sourceTree = "<group>"; };
		7003343617143C390045F19F /* en */ = {isa = PBXFileReference; lastKnownFileType = file.storyboard; name = en; path = en.lproj/MainStoryboard.storyboard; sourceTree = "<group>"; };
/* End PBXFileReference section */

/* Begin PBXFrameworksBuildPhase section */
		7003340E17143C390045F19F /* Frameworks */ = {
			isa = PBXFrameworksBuildPhase;
			buildActionMask = 2147483647;
			files = (
				7003341517143C390045F19F /* UIKit.framework in Frameworks */,
				7003341717143C390045F19F /* Foundation.framework in Frameworks */,
				7003341917143C390045F19F /* CoreGraphics.framework in Frameworks */,
			);
			runOnlyForDeploymentPostprocessing = 0;
		};
/* End PBXFrameworksBuildPhase section */

/* Begin PBXGroup section */
		7003340817143C390045F19F = {
			isa = PBXGroup;
			children = (
				7003341A17143C390045F19F /* pageBaseDemo */,
				7003341317143C390045F19F /* Frameworks */,
				7003341217143C390045F19F /* Products */,
			);
			sourceTree = "<group>";
		};
		7003341217143C390045F19F /* Products */ = {
			isa = PBXGroup;
			children = (
				7003341117143C390045F19F /* pageBaseDemo.app */,
			);
			name = Products;
			sourceTree = "<group>";
		};
		7003341317143C390045F19F /* Frameworks */ = {
			isa = PBXGroup;
			children = (
				7003341417143C390045F19F /* UIKit.framework */,
				7003341617143C390045F19F /* Foundation.framework */,
				7003341817143C390045F19F /* CoreGraphics.framework */,
			);
			name = Frameworks;
			sourceTree = "<group>";
		};
		7003341A17143C390045F19F /* pageBaseDemo */ = {
			isa = PBXGroup;
			children = (
				7003342317143C390045F19F /* AppDelegate.h */,
				7003342417143C390045F19F /* AppDelegate.m */,
				7003342C17143C390045F19F /* RootViewController.h */,
				7003342D17143C390045F19F /* RootViewController.m */,
				7003342F17143C390045F19F /* DataViewController.h */,
				7003343017143C390045F19F /* DataViewController.m */,
				7003343217143C390045F19F /* ModelController.h */,
				7003343317143C390045F19F /* ModelController.m */,
				7003343517143C390045F19F /* MainStoryboard.storyboard */,
				7003341B17143C390045F19F /* Supporting Files */,
			);
			path = pageBaseDemo;
			sourceTree = "<group>";
		};
		7003341B17143C390045F19F /* Supporting Files */ = {
			isa = PBXGroup;
			children = (
				7003341C17143C390045F19F /* pageBaseDemo-Info.plist */,
				7003341D17143C390045F19F /* InfoPlist.strings */,
				7003342017143C390045F19F /* main.m */,
				7003342217143C390045F19F /* pageBaseDemo-Prefix.pch */,
				7003342617143C390045F19F /* Default.png */,
				7003342817143C390045F19F /* Default@2x.png */,
				7003342A17143C390045F19F /* Default-568h@2x.png */,
			);
			name = "Supporting Files";
			sourceTree = "<group>";
		};
/* End PBXGroup section */

/* Begin PBXNativeTarget section */
		7003341017143C390045F19F /* pageBaseDemo */ = {
			isa = PBXNativeTarget;
			buildConfigurationList = 7003343A17143C390045F19F /* Build configuration list for PBXNativeTarget "pageBaseDemo" */;
			buildPhases = (
				7003340D17143C390045F19F /* Sources */,
				7003340E17143C390045F19F /* Frameworks */,
				7003340F17143C390045F19F /* Resources */,
			);
			buildRules = (
			);
			dependencies = (
			);
			name = pageBaseDemo;
			productName = pageBaseDemo;
			productReference = 7003341117143C390045F19F /* pageBaseDemo.app */;
			productType = "com.apple.product-type.application";
		};
/* End PBXNativeTarget section */

/* Begin PBXProject section */
		7003340917143C390045F19F /* Project object */ = {
			isa = PBXProject;
			attributes = {
				LastUpgradeCheck = 0460;
				ORGANIZATIONNAME = kim;
			};
			buildConfigurationList = 7003340C17143C390045F19F /* Build configuration list for PBXProject "pageBaseDemo" */;
			compatibilityVersion = "Xcode 3.2";
			developmentRegion = English;
			hasScannedForEncodings = 0;
			knownRegions = (
				en,
			);
			mainGroup = 7003340817143C390045F19F;
			productRefGroup = 7003341217143C390045F19F /* Products */;
			projectDirPath = "";
			projectRoot = "";
			targets = (
				7003341017143C390045F19F /* pageBaseDemo */,
			);
		};
/* End PBXProject section */

/* Begin PBXResourcesBuildPhase section */
		7003340F17143C390045F19F /* Resources */ = {
			isa = PBXResourcesBuildPhase;
			buildActionMask = 2147483647;
			files = (
				7003341F17143C390045F19F /* InfoPlist.strings in Resources */,
				7003342717143C390045F19F /* Default.png in Resources */,
				7003342917143C390045F19F /* Default@2x.png in Resources */,
				7003342B17143C390045F19F /* Default-568h@2x.png in Resources */,
				7003343717143C390045F19F /* MainStoryboard.storyboard in Resources */,
			);
			runOnlyForDeploymentPostprocessing = 0;
		};
/* End PBXResourcesBuildPhase section */

/* Begin PBXSourcesBuildPhase section */
		7003340D17143C390045F19F /* Sources */ = {
			isa = PBXSourcesBuildPhase;
			buildActionMask = 2147483647;
			files = (
				7003342117143C390045F19F /* main.m in Sources */,
				7003342517143C390045F19F /* AppDelegate.m in Sources */,
				7003342E17143C390045F19F /* RootViewController.m in Sources */,
				7003343117143C390045F19F /* DataViewController.m in Sources */,
				7003343417143C390045F19F /* ModelController.m in Sources */,
			);
			runOnlyForDeploymentPostprocessing = 0;
		};
/* End PBXSourcesBuildPhase section */

/* Begin PBXVariantGroup section */
		7003341D17143C390045F19F /* InfoPlist.strings */ = {
			isa = PBXVariantGroup;
			children = (
				7003341E17143C390045F19F /* en */,
			);
			name = InfoPlist.strings;
			sourceTree = "<group>";
		};
		7003343517143C390045F19F /* MainStoryboard.storyboard */ = {
			isa = PBXVariantGroup;
			children = (
				7003343617143C390045F19F /* en */,
			);
			name = MainStoryboard.storyboard;
			sourceTree = "<group>";
		};
/* End PBXVariantGroup section */

/* Begin XCBuildConfiguration section */
		7003343817143C390045F19F /* Debug */ = {
			isa = XCBuildConfiguration;
			buildSettings = {
				ALWAYS_SEARCH_USER_PATHS = NO;
				CLANG_CXX_LANGUAGE_STANDARD = "gnu++0x";
				CLANG_CXX_LIBRARY = "libc++";
				CLANG_WARN_CONSTANT_CONVERSION = YES;
				CLANG_WARN_EMPTY_BODY = YES;
				CLANG_WARN_ENUM_CONVERSION = YES;
				CLANG_WARN_INT_CONVERSION = YES;
				CLANG_WARN__DUPLICATE_METHOD_MATCH = YES;
				"CODE_SIGN_IDENTITY[sdk=iphoneos*]" = "iPhone Developer";
				COPY_PHASE_STRIP = NO;
				GCC_C_LANGUAGE_STANDARD = gnu99;
				GCC_DYNAMIC_NO_PIC = NO;
				GCC_OPTIMIZATION_LEVEL = 0;
				GCC_PREPROCESSOR_DEFINITIONS = (
					"DEBUG=1",
					"$(inherited)",
				);
				GCC_SYMBOLS_PRIVATE_EXTERN = NO;
				GCC_WARN_ABOUT_RETURN_TYPE = YES;
				GCC_WARN_UNINITIALIZED_AUTOS = YES;
				GCC_WARN_UNUSED_VARIABLE = YES;
				IPHONEOS_DEPLOYMENT_TARGET = 6.1;
				ONLY_ACTIVE_ARCH = YES;
				SDKROOT = iphoneos;
			};
			name = Debug;
		};
		7003343917143C390045F19F /* Release */ = {
			isa = XCBuildConfiguration;
			buildSettings = {
				ALWAYS_SEARCH_USER_PATHS = NO;
				CLANG_CXX_LANGUAGE_STANDARD = "gnu++0x";
				CLANG_CXX_LIBRARY = "libc++";
				CLANG_WARN_CONSTANT_CONVERSION = YES;
				CLANG_WARN_EMPTY_BODY = YES;
				CLANG_WARN_ENUM_CONVERSION = YES;
				CLANG_WARN_INT_CONVERSION = YES;
				CLANG_WARN__DUPLICATE_METHOD_MATCH = YES;
				"CODE_SIGN_IDENTITY[sdk=iphoneos*]" = "iPhone Developer";
				COPY_PHASE_STRIP = YES;
				GCC_C_LANGUAGE_STANDARD = gnu99;
				GCC_WARN_ABOUT_RETURN_TYPE = YES;
				GCC_WARN_UNINITIALIZED_AUTOS = YES;
				GCC_WARN_UNUSED_VARIABLE = YES;
				IPHONEOS_DEPLOYMENT_TARGET = 6.1;
				OTHER_CFLAGS = "-DNS_BLOCK_ASSERTIONS=1";
				SDKROOT = iphoneos;
				VALIDATE_PRODUCT = YES;
			};
			name = Release;
		};
		7003343B17143C390045F19F /* Debug */ = {
			isa = XCBuildConfiguration;
			buildSettings = {
				GCC_PRECOMPILE_PREFIX_HEADER = YES;
				GCC_PREFIX_HEADER = "pageBaseDemo/pageBaseDemo-Prefix.pch";
				INFOPLIST_FILE = "pageBaseDemo/pageBaseDemo-Info.plist";
				PRODUCT_NAME = "$(TARGET_NAME)";
				WRAPPER_EXTENSION = app;
			};
			name = Debug;
		};
		7003343C17143C390045F19F /* Release */ = {
			isa = XCBuildConfiguration;
			buildSettings = {
				GCC_PRECOMPILE_PREFIX_HEADER = YES;
				GCC_PREFIX_HEADER = "pageBaseDemo/pageBaseDemo-Prefix.pch";
				INFOPLIST_FILE = "pageBaseDemo/pageBaseDemo-Info.plist";
				PRODUCT_NAME = "$(TARGET_NAME)";
				WRAPPER_EXTENSION = app;
			};
			name = Release;
		};
/* End XCBuildConfiguration section */

/* Begin XCConfigurationList section */
		7003340C17143C390045F19F /* Build configuration list for PBXProject "pageBaseDemo" */ = {
			isa = XCConfigurationList;
			buildConfigurations = (
				7003343817143C390045F19F /* Debug */,
				7003343917143C390045F19F /* Release */,
			);
			defaultConfigurationIsVisible = 0;
			defaultConfigurationName = Release;
		};
		7003343A17143C390045F19F /* Build configuration list for PBXNativeTarget "pageBaseDemo" */ = {
			isa = XCConfigurationList;
			buildConfigurations = (
				7003343B17143C390045F19F /* Debug */,
				7003343C17143C390045F19F /* Release */,
			);
			defaultConfigurationIsVisible = 0;
		};
/* End XCConfigurationList section */
	};
	rootObject = 7003340917143C390045F19F /* Project object */;
}
