// !$*UTF8*$!
{
	archiveVersion = 1;
	classes = {
	};
	objectVersion = 46;
	objects = {

/* Begin PBXBuildFile section */
		700333D817143B100045F19F /* UIKit.framework in Frameworks */ = {isa = PBXBuildFile; fileRef = 700333D717143B100045F19F /* UIKit.framework */; };
		700333DA17143B100045F19F /* Foundation.framework in Frameworks */ = {isa = PBXBuildFile; fileRef = 700333D917143B100045F19F /* Foundation.framework */; };
		700333DC17143B100045F19F /* CoreGraphics.framework in Frameworks */ = {isa = PBXBuildFile; fileRef = 700333DB17143B100045F19F /* CoreGraphics.framework */; };
		700333E217143B100045F19F /* InfoPlist.strings in Resources */ = {isa = PBXBuildFile; fileRef = 700333E017143B100045F19F /* InfoPlist.strings */; };
		700333E417143B100045F19F /* main.m in Sources */ = {isa = PBXBuildFile; fileRef = 700333E317143B100045F19F /* main.m */; };
		700333E817143B100045F19F /* AppDelegate.m in Sources */ = {isa = PBXBuildFile; fileRef = 700333E717143B100045F19F /* AppDelegate.m */; };
		700333EA17143B100045F19F /* Default.png in Resources */ = {isa = PBXBuildFile; fileRef = 700333E917143B100045F19F /* Default.png */; };
		700333EC17143B100045F19F /* Default@2x.png in Resources */ = {isa = PBXBuildFile; fileRef = 700333EB17143B100045F19F /* Default@2x.png */; };
		700333EE17143B100045F19F /* Default-568h@2x.png in Resources */ = {isa = PBXBuildFile; fileRef = 700333ED17143B100045F19F /* Default-568h@2x.png */; };
		700333F117143B100045F19F /* FirstViewController.m in Sources */ = {isa = PBXBuildFile; fileRef = 700333F017143B100045F19F /* FirstViewController.m */; };
		700333F317143B100045F19F /* first.png in Resources */ = {isa = PBXBuildFile; fileRef = 700333F217143B100045F19F /* first.png */; };
		700333F517143B100045F19F /* first@2x.png in Resources */ = {isa = PBXBuildFile; fileRef = 700333F417143B100045F19F /* first@2x.png */; };
		700333F817143B100045F19F /* SecondViewController.m in Sources */ = {isa = PBXBuildFile; fileRef = 700333F717143B100045F19F /* SecondViewController.m */; };
		700333FA17143B100045F19F /* second.png in Resources */ = {isa = PBXBuildFile; fileRef = 700333F917143B100045F19F /* second.png */; };
		700333FC17143B100045F19F /* second@2x.png in Resources */ = {isa = PBXBuildFile; fileRef = 700333FB17143B100045F19F /* second@2x.png */; };
		700333FF17143B100045F19F /* FirstViewController.xib in Resources */ = {isa = PBXBuildFile; fileRef = 700333FD17143B100045F19F /* FirstViewController.xib */; };
		7003340217143B100045F19F /* SecondViewController.xib in Resources */ = {isa = PBXBuildFile; fileRef = 7003340017143B100045F19F /* SecondViewController.xib */; };
/* End PBXBuildFile section */

/* Begin PBXFileReference section */
		700333D417143B100045F19F /* tableApp.app */ = {isa = PBXFileReference; explicitFileType = wrapper.application; includeInIndex = 0; path = tableApp.app; sourceTree = BUILT_PRODUCTS_DIR; };
		700333D717143B100045F19F /* UIKit.framework */ = {isa = PBXFileReference; lastKnownFileType = wrapper.framework; name = UIKit.framework; path = System/Library/Frameworks/UIKit.framework; sourceTree = SDKROOT; };
		700333D917143B100045F19F /* Foundation.framework */ = {isa = PBXFileReference; lastKnownFileType = wrapper.framework; name = Foundation.framework; path = System/Library/Frameworks/Foundation.framework; sourceTree = SDKROOT; };
		700333DB17143B100045F19F /* CoreGraphics.framework */ = {isa = PBXFileReference; lastKnownFileType = wrapper.framework; name = CoreGraphics.framework; path = System/Library/Frameworks/CoreGraphics.framework; sourceTree = SDKROOT; };
		700333DF17143B100045F19F /* tableApp-Info.plist */ = {isa = PBXFileReference; lastKnownFileType = text.plist.xml; path = "tableApp-Info.plist"; sourceTree = "<group>"; };
		700333E117143B100045F19F /* en */ = {isa = PBXFileReference; lastKnownFileType = text.plist.strings; name = en; path = en.lproj/InfoPlist.strings; sourceTree = "<group>"; };
		700333E317143B100045F19F /* main.m */ = {isa = PBXFileReference; lastKnownFileType = sourcecode.c.objc; path = main.m; sourceTree = "<group>"; };
		700333E517143B100045F19F /* tableApp-Prefix.pch */ = {isa = PBXFileReference; lastKnownFileType = sourcecode.c.h; path = "tableApp-Prefix.pch"; sourceTree = "<group>"; };
		700333E617143B100045F19F /* AppDelegate.h */ = {isa = PBXFileReference; lastKnownFileType = sourcecode.c.h; path = AppDelegate.h; sourceTree = "<group>"; };
		700333E717143B100045F19F /* AppDelegate.m */ = {isa = PBXFileReference; lastKnownFileType = sourcecode.c.objc; path = AppDelegate.m; sourceTree = "<group>"; };
		700333E917143B100045F19F /* Default.png */ = {isa = PBXFileReference; lastKnownFileType = image.png; path = Default.png; sourceTree = "<group>"; };
		700333EB17143B100045F19F /* Default@2x.png */ = {isa = PBXFileReference; lastKnownFileType = image.png; path = "Default@2x.png"; sourceTree = "<group>"; };
		700333ED17143B100045F19F /* Default-568h@2x.png */ = {isa = PBXFileReference; lastKnownFileType = image.png; path = "Default-568h@2x.png"; sourceTree = "<group>"; };
		700333EF17143B100045F19F /* FirstViewController.h */ = {isa = PBXFileReference; lastKnownFileType = sourcecode.c.h; path = FirstViewController.h; sourceTree = "<group>"; };
		700333F017143B100045F19F /* FirstViewController.m */ = {isa = PBXFileReference; lastKnownFileType = sourcecode.c.objc; path = FirstViewController.m; sourceTree = "<group>"; };
		700333F217143B100045F19F /* first.png */ = {isa = PBXFileReference; lastKnownFileType = image.png; path = first.png; sourceTree = "<group>"; };
		700333F417143B100045F19F /* first@2x.png */ = {isa = PBXFileReference; lastKnownFileType = image.png; path = "first@2x.png"; sourceTree = "<group>"; };
		700333F617143B100045F19F /* SecondViewController.h */ = {isa = PBXFileReference; lastKnownFileType = sourcecode.c.h; path = SecondViewController.h; sourceTree = "<group>"; };
		700333F717143B100045F19F /* SecondViewController.m */ = {isa = PBXFileReference; lastKnownFileType = sourcecode.c.objc; path = SecondViewController.m; sourceTree = "<group>"; };
		700333F917143B100045F19F /* second.png */ = {isa = PBXFileReference; lastKnownFileType = image.png; path = second.png; sourceTree = "<group>"; };
		700333FB17143B100045F19F /* second@2x.png */ = {isa = PBXFileReference; lastKnownFileType = image.png; path = "second@2x.png"; sourceTree = "<group>"; };
		700333FE17143B100045F19F /* en */ = {isa = PBXFileReference; lastKnownFileType = file.xib; name = en; path = en.lproj/FirstViewController.xib; sourceTree = "<group>"; };
		7003340117143B100045F19F /* en */ = {isa = PBXFileReference; lastKnownFileType = file.xib; name = en; path = en.lproj/SecondViewController.xib; sourceTree = "<group>"; };
/* End PBXFileReference section */

/* Begin PBXFrameworksBuildPhase section */
		700333D117143B100045F19F /* Frameworks */ = {
			isa = PBXFrameworksBuildPhase;
			buildActionMask = 2147483647;
			files = (
				700333D817143B100045F19F /* UIKit.framework in Frameworks */,
				700333DA17143B100045F19F /* Foundation.framework in Frameworks */,
				700333DC17143B100045F19F /* CoreGraphics.framework in Frameworks */,
			);
			runOnlyForDeploymentPostprocessing = 0;
		};
/* End PBXFrameworksBuildPhase section */

/* Begin PBXGroup section */
		700333CB17143B100045F19F = {
			isa = PBXGroup;
			children = (
				700333DD17143B100045F19F /* tableApp */,
				700333D617143B100045F19F /* Frameworks */,
				700333D517143B100045F19F /* Products */,
			);
			sourceTree = "<group>";
		};
		700333D517143B100045F19F /* Products */ = {
			isa = PBXGroup;
			children = (
				700333D417143B100045F19F /* tableApp.app */,
			);
			name = Products;
			sourceTree = "<group>";
		};
		700333D617143B100045F19F /* Frameworks */ = {
			isa = PBXGroup;
			children = (
				700333D717143B100045F19F /* UIKit.framework */,
				700333D917143B100045F19F /* Foundation.framework */,
				700333DB17143B100045F19F /* CoreGraphics.framework */,
			);
			name = Frameworks;
			sourceTree = "<group>";
		};
		700333DD17143B100045F19F /* tableApp */ = {
			isa = PBXGroup;
			children = (
				700333E617143B100045F19F /* AppDelegate.h */,
				700333E717143B100045F19F /* AppDelegate.m */,
				700333EF17143B100045F19F /* FirstViewController.h */,
				700333F017143B100045F19F /* FirstViewController.m */,
				700333F217143B100045F19F /* first.png */,
				700333F417143B100045F19F /* first@2x.png */,
				700333F617143B100045F19F /* SecondViewController.h */,
				700333F717143B100045F19F /* SecondViewController.m */,
				700333F917143B100045F19F /* second.png */,
				700333FB17143B100045F19F /* second@2x.png */,
				700333FD17143B100045F19F /* FirstViewController.xib */,
				7003340017143B100045F19F /* SecondViewController.xib */,
				700333DE17143B100045F19F /* Supporting Files */,
			);
			path = tableApp;
			sourceTree = "<group>";
		};
		700333DE17143B100045F19F /* Supporting Files */ = {
			isa = PBXGroup;
			children = (
				700333DF17143B100045F19F /* tableApp-Info.plist */,
				700333E017143B100045F19F /* InfoPlist.strings */,
				700333E317143B100045F19F /* main.m */,
				700333E517143B100045F19F /* tableApp-Prefix.pch */,
				700333E917143B100045F19F /* Default.png */,
				700333EB17143B100045F19F /* Default@2x.png */,
				700333ED17143B100045F19F /* Default-568h@2x.png */,
			);
			name = "Supporting Files";
			sourceTree = "<group>";
		};
/* End PBXGroup section */

/* Begin PBXNativeTarget section */
		700333D317143B100045F19F /* tableApp */ = {
			isa = PBXNativeTarget;
			buildConfigurationList = 7003340517143B100045F19F /* Build configuration list for PBXNativeTarget "tableApp" */;
			buildPhases = (
				700333D017143B100045F19F /* Sources */,
				700333D117143B100045F19F /* Frameworks */,
				700333D217143B100045F19F /* Resources */,
			);
			buildRules = (
			);
			dependencies = (
			);
			name = tableApp;
			productName = tableApp;
			productReference = 700333D417143B100045F19F /* tableApp.app */;
			productType = "com.apple.product-type.application";
		};
/* End PBXNativeTarget section */

/* Begin PBXProject section */
		700333CC17143B100045F19F /* Project object */ = {
			isa = PBXProject;
			attributes = {
				LastUpgradeCheck = 0460;
				ORGANIZATIONNAME = kim;
			};
			buildConfigurationList = 700333CF17143B100045F19F /* Build configuration list for PBXProject "tableApp" */;
			compatibilityVersion = "Xcode 3.2";
			developmentRegion = English;
			hasScannedForEncodings = 0;
			knownRegions = (
				en,
			);
			mainGroup = 700333CB17143B100045F19F;
			productRefGroup = 700333D517143B100045F19F /* Products */;
			projectDirPath = "";
			projectRoot = "";
			targets = (
				700333D317143B100045F19F /* tableApp */,
			);
		};
/* End PBXProject section */

/* Begin PBXResourcesBuildPhase section */
		700333D217143B100045F19F /* Resources */ = {
			isa = PBXResourcesBuildPhase;
			buildActionMask = 2147483647;
			files = (
				700333E217143B100045F19F /* InfoPlist.strings in Resources */,
				700333EA17143B100045F19F /* Default.png in Resources */,
				700333EC17143B100045F19F /* Default@2x.png in Resources */,
				700333EE17143B100045F19F /* Default-568h@2x.png in Resources */,
				700333F317143B100045F19F /* first.png in Resources */,
				700333F517143B100045F19F /* first@2x.png in Resources */,
				700333FA17143B100045F19F /* second.png in Resources */,
				700333FC17143B100045F19F /* second@2x.png in Resources */,
				700333FF17143B100045F19F /* FirstViewController.xib in Resources */,
				7003340217143B100045F19F /* SecondViewController.xib in Resources */,
			);
			runOnlyForDeploymentPostprocessing = 0;
		};
/* End PBXResourcesBuildPhase section */

/* Begin PBXSourcesBuildPhase section */
		700333D017143B100045F19F /* Sources */ = {
			isa = PBXSourcesBuildPhase;
			buildActionMask = 2147483647;
			files = (
				700333E417143B100045F19F /* main.m in Sources */,
				700333E817143B100045F19F /* AppDelegate.m in Sources */,
				700333F117143B100045F19F /* FirstViewController.m in Sources */,
				700333F817143B100045F19F /* SecondViewController.m in Sources */,
			);
			runOnlyForDeploymentPostprocessing = 0;
		};
/* End PBXSourcesBuildPhase section */

/* Begin PBXVariantGroup section */
		700333E017143B100045F19F /* InfoPlist.strings */ = {
			isa = PBXVariantGroup;
			children = (
				700333E117143B100045F19F /* en */,
			);
			name = InfoPlist.strings;
			sourceTree = "<group>";
		};
		700333FD17143B100045F19F /* FirstViewController.xib */ = {
			isa = PBXVariantGroup;
			children = (
				700333FE17143B100045F19F /* en */,
			);
			name = FirstViewController.xib;
			sourceTree = "<group>";
		};
		7003340017143B100045F19F /* SecondViewController.xib */ = {
			isa = PBXVariantGroup;
			children = (
				7003340117143B100045F19F /* en */,
			);
			name = SecondViewController.xib;
			sourceTree = "<group>";
		};
/* End PBXVariantGroup section */

/* Begin XCBuildConfiguration section */
		7003340317143B100045F19F /* Debug */ = {
			isa = XCBuildConfiguration;
			buildSettings = {
				ALWAYS_SEARCH_USER_PATHS = NO;
				CLANG_CXX_LANGUAGE_STANDARD = "gnu++0x";
				CLANG_CXX_LIBRARY = "libc++";
				CLANG_WARN_CONSTANT_CONVERSION = YES;
				CLANG_WARN_EMPTY_BODY = YES;
				CLANG_WARN_ENUM_CONVERSION = YES;
				CLANG_WARN_INT_CONVERSION = YES;
				CLANG_WARN__DUPLICATE_METHOD_MATCH = YES;
				"CODE_SIGN_IDENTITY[sdk=iphoneos*]" = "iPhone Developer";
				COPY_PHASE_STRIP = NO;
				GCC_C_LANGUAGE_STANDARD = gnu99;
				GCC_DYNAMIC_NO_PIC = NO;
				GCC_OPTIMIZATION_LEVEL = 0;
				GCC_PREPROCESSOR_DEFINITIONS = (
					"DEBUG=1",
					"$(inherited)",
				);
				GCC_SYMBOLS_PRIVATE_EXTERN = NO;
				GCC_WARN_ABOUT_RETURN_TYPE = YES;
				GCC_WARN_UNINITIALIZED_AUTOS = YES;
				GCC_WARN_UNUSED_VARIABLE = YES;
				IPHONEOS_DEPLOYMENT_TARGET = 6.1;
				ONLY_ACTIVE_ARCH = YES;
				SDKROOT = iphoneos;
			};
			name = Debug;
		};
		7003340417143B100045F19F /* Release */ = {
			isa = XCBuildConfiguration;
			buildSettings = {
				ALWAYS_SEARCH_USER_PATHS = NO;
				CLANG_CXX_LANGUAGE_STANDARD = "gnu++0x";
				CLANG_CXX_LIBRARY = "libc++";
				CLANG_WARN_CONSTANT_CONVERSION = YES;
				CLANG_WARN_EMPTY_BODY = YES;
				CLANG_WARN_ENUM_CONVERSION = YES;
				CLANG_WARN_INT_CONVERSION = YES;
				CLANG_WARN__DUPLICATE_METHOD_MATCH = YES;
				"CODE_SIGN_IDENTITY[sdk=iphoneos*]" = "iPhone Developer";
				COPY_PHASE_STRIP = YES;
				GCC_C_LANGUAGE_STANDARD = gnu99;
				GCC_WARN_ABOUT_RETURN_TYPE = YES;
				GCC_WARN_UNINITIALIZED_AUTOS = YES;
				GCC_WARN_UNUSED_VARIABLE = YES;
				IPHONEOS_DEPLOYMENT_TARGET = 6.1;
				OTHER_CFLAGS = "-DNS_BLOCK_ASSERTIONS=1";
				SDKROOT = iphoneos;
				VALIDATE_PRODUCT = YES;
			};
			name = Release;
		};
		7003340617143B100045F19F /* Debug */ = {
			isa = XCBuildConfiguration;
			buildSettings = {
				GCC_PRECOMPILE_PREFIX_HEADER = YES;
				GCC_PREFIX_HEADER = "tableApp/tableApp-Prefix.pch";
				INFOPLIST_FILE = "tableApp/tableApp-Info.plist";
				PRODUCT_NAME = "$(TARGET_NAME)";
				WRAPPER_EXTENSION = app;
			};
			name = Debug;
		};
		7003340717143B100045F19F /* Release */ = {
			isa = XCBuildConfiguration;
			buildSettings = {
				GCC_PRECOMPILE_PREFIX_HEADER = YES;
				GCC_PREFIX_HEADER = "tableApp/tableApp-Prefix.pch";
				INFOPLIST_FILE = "tableApp/tableApp-Info.plist";
				PRODUCT_NAME = "$(TARGET_NAME)";
				WRAPPER_EXTENSION = app;
			};
			name = Release;
		};
/* End XCBuildConfiguration section */

/* Begin XCConfigurationList section */
		700333CF17143B100045F19F /* Build configuration list for PBXProject "tableApp" */ = {
			isa = XCConfigurationList;
			buildConfigurations = (
				7003340317143B100045F19F /* Debug */,
				7003340417143B100045F19F /* Release */,
			);
			defaultConfigurationIsVisible = 0;
			defaultConfigurationName = Release;
		};
		7003340517143B100045F19F /* Build configuration list for PBXNativeTarget "tableApp" */ = {
			isa = XCConfigurationList;
			buildConfigurations = (
				7003340617143B100045F19F /* Debug */,
				7003340717143B100045F19F /* Release */,
			);
			defaultConfigurationIsVisible = 0;
		};
/* End XCConfigurationList section */
	};
	rootObject = 700333CC17143B100045F19F /* Project object */;
}
