// !$*UTF8*$!
{
	archiveVersion = 1;
	classes = {
	};
	objectVersion = 46;
	objects = {

/* Begin PBXBuildFile section */
		70FE8FF31710108000B68CFC /* UIKit.framework in Frameworks */ = {isa = PBXBuildFile; fileRef = 70FE8FF21710108000B68CFC /* UIKit.framework */; };
		70FE8FF51710108000B68CFC /* Foundation.framework in Frameworks */ = {isa = PBXBuildFile; fileRef = 70FE8FF41710108000B68CFC /* Foundation.framework */; };
		70FE8FF71710108000B68CFC /* CoreGraphics.framework in Frameworks */ = {isa = PBXBuildFile; fileRef = 70FE8FF61710108000B68CFC /* CoreGraphics.framework */; };
		70FE8FFD1710108000B68CFC /* InfoPlist.strings in Resources */ = {isa = PBXBuildFile; fileRef = 70FE8FFB1710108000B68CFC /* InfoPlist.strings */; };
		70FE8FFF1710108000B68CFC /* main.m in Sources */ = {isa = PBXBuildFile; fileRef = 70FE8FFE1710108000B68CFC /* main.m */; };
		70FE90031710108000B68CFC /* AppDelegate.m in Sources */ = {isa = PBXBuildFile; fileRef = 70FE90021710108000B68CFC /* AppDelegate.m */; };
		70FE90051710108000B68CFC /* Default.png in Resources */ = {isa = PBXBuildFile; fileRef = 70FE90041710108000B68CFC /* Default.png */; };
		70FE90071710108000B68CFC /* Default@2x.png in Resources */ = {isa = PBXBuildFile; fileRef = 70FE90061710108000B68CFC /* Default@2x.png */; };
		70FE90091710108000B68CFC /* Default-568h@2x.png in Resources */ = {isa = PBXBuildFile; fileRef = 70FE90081710108000B68CFC /* Default-568h@2x.png */; };
		70FE900C1710108000B68CFC /* FirstViewController.m in Sources */ = {isa = PBXBuildFile; fileRef = 70FE900B1710108000B68CFC /* FirstViewController.m */; };
		70FE900E1710108000B68CFC /* first.png in Resources */ = {isa = PBXBuildFile; fileRef = 70FE900D1710108000B68CFC /* first.png */; };
		70FE90101710108000B68CFC /* first@2x.png in Resources */ = {isa = PBXBuildFile; fileRef = 70FE900F1710108000B68CFC /* first@2x.png */; };
		70FE90131710108000B68CFC /* SecondViewController.m in Sources */ = {isa = PBXBuildFile; fileRef = 70FE90121710108000B68CFC /* SecondViewController.m */; };
		70FE90151710108000B68CFC /* second.png in Resources */ = {isa = PBXBuildFile; fileRef = 70FE90141710108000B68CFC /* second.png */; };
		70FE90171710108000B68CFC /* second@2x.png in Resources */ = {isa = PBXBuildFile; fileRef = 70FE90161710108000B68CFC /* second@2x.png */; };
		70FE901A1710108000B68CFC /* FirstViewController.xib in Resources */ = {isa = PBXBuildFile; fileRef = 70FE90181710108000B68CFC /* FirstViewController.xib */; };
		70FE901D1710108000B68CFC /* SecondViewController.xib in Resources */ = {isa = PBXBuildFile; fileRef = 70FE901B1710108000B68CFC /* SecondViewController.xib */; };
/* End PBXBuildFile section */

/* Begin PBXFileReference section */
		70FE8FEF1710108000B68CFC /* tableView.app */ = {isa = PBXFileReference; explicitFileType = wrapper.application; includeInIndex = 0; path = tableView.app; sourceTree = BUILT_PRODUCTS_DIR; };
		70FE8FF21710108000B68CFC /* UIKit.framework */ = {isa = PBXFileReference; lastKnownFileType = wrapper.framework; name = UIKit.framework; path = System/Library/Frameworks/UIKit.framework; sourceTree = SDKROOT; };
		70FE8FF41710108000B68CFC /* Foundation.framework */ = {isa = PBXFileReference; lastKnownFileType = wrapper.framework; name = Foundation.framework; path = System/Library/Frameworks/Foundation.framework; sourceTree = SDKROOT; };
		70FE8FF61710108000B68CFC /* CoreGraphics.framework */ = {isa = PBXFileReference; lastKnownFileType = wrapper.framework; name = CoreGraphics.framework; path = System/Library/Frameworks/CoreGraphics.framework; sourceTree = SDKROOT; };
		70FE8FFA1710108000B68CFC /* tableView-Info.plist */ = {isa = PBXFileReference; lastKnownFileType = text.plist.xml; path = "tableView-Info.plist"; sourceTree = "<group>"; };
		70FE8FFC1710108000B68CFC /* en */ = {isa = PBXFileReference; lastKnownFileType = text.plist.strings; name = en; path = en.lproj/InfoPlist.strings; sourceTree = "<group>"; };
		70FE8FFE1710108000B68CFC /* main.m */ = {isa = PBXFileReference; lastKnownFileType = sourcecode.c.objc; path = main.m; sourceTree = "<group>"; };
		70FE90001710108000B68CFC /* tableView-Prefix.pch */ = {isa = PBXFileReference; lastKnownFileType = sourcecode.c.h; path = "tableView-Prefix.pch"; sourceTree = "<group>"; };
		70FE90011710108000B68CFC /* AppDelegate.h */ = {isa = PBXFileReference; lastKnownFileType = sourcecode.c.h; path = AppDelegate.h; sourceTree = "<group>"; };
		70FE90021710108000B68CFC /* AppDelegate.m */ = {isa = PBXFileReference; lastKnownFileType = sourcecode.c.objc; path = AppDelegate.m; sourceTree = "<group>"; };
		70FE90041710108000B68CFC /* Default.png */ = {isa = PBXFileReference; lastKnownFileType = image.png; path = Default.png; sourceTree = "<group>"; };
		70FE90061710108000B68CFC /* Default@2x.png */ = {isa = PBXFileReference; lastKnownFileType = image.png; path = "Default@2x.png"; sourceTree = "<group>"; };
		70FE90081710108000B68CFC /* Default-568h@2x.png */ = {isa = PBXFileReference; lastKnownFileType = image.png; path = "Default-568h@2x.png"; sourceTree = "<group>"; };
		70FE900A1710108000B68CFC /* FirstViewController.h */ = {isa = PBXFileReference; lastKnownFileType = sourcecode.c.h; path = FirstViewController.h; sourceTree = "<group>"; };
		70FE900B1710108000B68CFC /* FirstViewController.m */ = {isa = PBXFileReference; lastKnownFileType = sourcecode.c.objc; path = FirstViewController.m; sourceTree = "<group>"; };
		70FE900D1710108000B68CFC /* first.png */ = {isa = PBXFileReference; lastKnownFileType = image.png; path = first.png; sourceTree = "<group>"; };
		70FE900F1710108000B68CFC /* first@2x.png */ = {isa = PBXFileReference; lastKnownFileType = image.png; path = "first@2x.png"; sourceTree = "<group>"; };
		70FE90111710108000B68CFC /* SecondViewController.h */ = {isa = PBXFileReference; lastKnownFileType = sourcecode.c.h; path = SecondViewController.h; sourceTree = "<group>"; };
		70FE90121710108000B68CFC /* SecondViewController.m */ = {isa = PBXFileReference; lastKnownFileType = sourcecode.c.objc; path = SecondViewController.m; sourceTree = "<group>"; };
		70FE90141710108000B68CFC /* second.png */ = {isa = PBXFileReference; lastKnownFileType = image.png; path = second.png; sourceTree = "<group>"; };
		70FE90161710108000B68CFC /* second@2x.png */ = {isa = PBXFileReference; lastKnownFileType = image.png; path = "second@2x.png"; sourceTree = "<group>"; };
		70FE90191710108000B68CFC /* en */ = {isa = PBXFileReference; lastKnownFileType = file.xib; name = en; path = en.lproj/FirstViewController.xib; sourceTree = "<group>"; };
		70FE901C1710108000B68CFC /* en */ = {isa = PBXFileReference; lastKnownFileType = file.xib; name = en; path = en.lproj/SecondViewController.xib; sourceTree = "<group>"; };
/* End PBXFileReference section */

/* Begin PBXFrameworksBuildPhase section */
		70FE8FEC1710108000B68CFC /* Frameworks */ = {
			isa = PBXFrameworksBuildPhase;
			buildActionMask = 2147483647;
			files = (
				70FE8FF31710108000B68CFC /* UIKit.framework in Frameworks */,
				70FE8FF51710108000B68CFC /* Foundation.framework in Frameworks */,
				70FE8FF71710108000B68CFC /* CoreGraphics.framework in Frameworks */,
			);
			runOnlyForDeploymentPostprocessing = 0;
		};
/* End PBXFrameworksBuildPhase section */

/* Begin PBXGroup section */
		70FE8FE61710108000B68CFC = {
			isa = PBXGroup;
			children = (
				70FE8FF81710108000B68CFC /* tableView */,
				70FE8FF11710108000B68CFC /* Frameworks */,
				70FE8FF01710108000B68CFC /* Products */,
			);
			sourceTree = "<group>";
		};
		70FE8FF01710108000B68CFC /* Products */ = {
			isa = PBXGroup;
			children = (
				70FE8FEF1710108000B68CFC /* tableView.app */,
			);
			name = Products;
			sourceTree = "<group>";
		};
		70FE8FF11710108000B68CFC /* Frameworks */ = {
			isa = PBXGroup;
			children = (
				70FE8FF21710108000B68CFC /* UIKit.framework */,
				70FE8FF41710108000B68CFC /* Foundation.framework */,
				70FE8FF61710108000B68CFC /* CoreGraphics.framework */,
			);
			name = Frameworks;
			sourceTree = "<group>";
		};
		70FE8FF81710108000B68CFC /* tableView */ = {
			isa = PBXGroup;
			children = (
				70FE90011710108000B68CFC /* AppDelegate.h */,
				70FE90021710108000B68CFC /* AppDelegate.m */,
				70FE900A1710108000B68CFC /* FirstViewController.h */,
				70FE900B1710108000B68CFC /* FirstViewController.m */,
				70FE900D1710108000B68CFC /* first.png */,
				70FE900F1710108000B68CFC /* first@2x.png */,
				70FE90111710108000B68CFC /* SecondViewController.h */,
				70FE90121710108000B68CFC /* SecondViewController.m */,
				70FE90141710108000B68CFC /* second.png */,
				70FE90161710108000B68CFC /* second@2x.png */,
				70FE90181710108000B68CFC /* FirstViewController.xib */,
				70FE901B1710108000B68CFC /* SecondViewController.xib */,
				70FE8FF91710108000B68CFC /* Supporting Files */,
			);
			path = tableView;
			sourceTree = "<group>";
		};
		70FE8FF91710108000B68CFC /* Supporting Files */ = {
			isa = PBXGroup;
			children = (
				70FE8FFA1710108000B68CFC /* tableView-Info.plist */,
				70FE8FFB1710108000B68CFC /* InfoPlist.strings */,
				70FE8FFE1710108000B68CFC /* main.m */,
				70FE90001710108000B68CFC /* tableView-Prefix.pch */,
				70FE90041710108000B68CFC /* Default.png */,
				70FE90061710108000B68CFC /* Default@2x.png */,
				70FE90081710108000B68CFC /* Default-568h@2x.png */,
			);
			name = "Supporting Files";
			sourceTree = "<group>";
		};
/* End PBXGroup section */

/* Begin PBXNativeTarget section */
		70FE8FEE1710108000B68CFC /* tableView */ = {
			isa = PBXNativeTarget;
			buildConfigurationList = 70FE90201710108000B68CFC /* Build configuration list for PBXNativeTarget "tableView" */;
			buildPhases = (
				70FE8FEB1710108000B68CFC /* Sources */,
				70FE8FEC1710108000B68CFC /* Frameworks */,
				70FE8FED1710108000B68CFC /* Resources */,
			);
			buildRules = (
			);
			dependencies = (
			);
			name = tableView;
			productName = tableView;
			productReference = 70FE8FEF1710108000B68CFC /* tableView.app */;
			productType = "com.apple.product-type.application";
		};
/* End PBXNativeTarget section */

/* Begin PBXProject section */
		70FE8FE71710108000B68CFC /* Project object */ = {
			isa = PBXProject;
			attributes = {
				LastUpgradeCheck = 0460;
				ORGANIZATIONNAME = kim;
			};
			buildConfigurationList = 70FE8FEA1710108000B68CFC /* Build configuration list for PBXProject "tableView" */;
			compatibilityVersion = "Xcode 3.2";
			developmentRegion = English;
			hasScannedForEncodings = 0;
			knownRegions = (
				en,
			);
			mainGroup = 70FE8FE61710108000B68CFC;
			productRefGroup = 70FE8FF01710108000B68CFC /* Products */;
			projectDirPath = "";
			projectRoot = "";
			targets = (
				70FE8FEE1710108000B68CFC /* tableView */,
			);
		};
/* End PBXProject section */

/* Begin PBXResourcesBuildPhase section */
		70FE8FED1710108000B68CFC /* Resources */ = {
			isa = PBXResourcesBuildPhase;
			buildActionMask = 2147483647;
			files = (
				70FE8FFD1710108000B68CFC /* InfoPlist.strings in Resources */,
				70FE90051710108000B68CFC /* Default.png in Resources */,
				70FE90071710108000B68CFC /* Default@2x.png in Resources */,
				70FE90091710108000B68CFC /* Default-568h@2x.png in Resources */,
				70FE900E1710108000B68CFC /* first.png in Resources */,
				70FE90101710108000B68CFC /* first@2x.png in Resources */,
				70FE90151710108000B68CFC /* second.png in Resources */,
				70FE90171710108000B68CFC /* second@2x.png in Resources */,
				70FE901A1710108000B68CFC /* FirstViewController.xib in Resources */,
				70FE901D1710108000B68CFC /* SecondViewController.xib in Resources */,
			);
			runOnlyForDeploymentPostprocessing = 0;
		};
/* End PBXResourcesBuildPhase section */

/* Begin PBXSourcesBuildPhase section */
		70FE8FEB1710108000B68CFC /* Sources */ = {
			isa = PBXSourcesBuildPhase;
			buildActionMask = 2147483647;
			files = (
				70FE8FFF1710108000B68CFC /* main.m in Sources */,
				70FE90031710108000B68CFC /* AppDelegate.m in Sources */,
				70FE900C1710108000B68CFC /* FirstViewController.m in Sources */,
				70FE90131710108000B68CFC /* SecondViewController.m in Sources */,
			);
			runOnlyForDeploymentPostprocessing = 0;
		};
/* End PBXSourcesBuildPhase section */

/* Begin PBXVariantGroup section */
		70FE8FFB1710108000B68CFC /* InfoPlist.strings */ = {
			isa = PBXVariantGroup;
			children = (
				70FE8FFC1710108000B68CFC /* en */,
			);
			name = InfoPlist.strings;
			sourceTree = "<group>";
		};
		70FE90181710108000B68CFC /* FirstViewController.xib */ = {
			isa = PBXVariantGroup;
			children = (
				70FE90191710108000B68CFC /* en */,
			);
			name = FirstViewController.xib;
			sourceTree = "<group>";
		};
		70FE901B1710108000B68CFC /* SecondViewController.xib */ = {
			isa = PBXVariantGroup;
			children = (
				70FE901C1710108000B68CFC /* en */,
			);
			name = SecondViewController.xib;
			sourceTree = "<group>";
		};
/* End PBXVariantGroup section */

/* Begin XCBuildConfiguration section */
		70FE901E1710108000B68CFC /* Debug */ = {
			isa = XCBuildConfiguration;
			buildSettings = {
				ALWAYS_SEARCH_USER_PATHS = NO;
				CLANG_CXX_LANGUAGE_STANDARD = "gnu++0x";
				CLANG_CXX_LIBRARY = "libc++";
				CLANG_WARN_CONSTANT_CONVERSION = YES;
				CLANG_WARN_EMPTY_BODY = YES;
				CLANG_WARN_ENUM_CONVERSION = YES;
				CLANG_WARN_INT_CONVERSION = YES;
				CLANG_WARN__DUPLICATE_METHOD_MATCH = YES;
				"CODE_SIGN_IDENTITY[sdk=iphoneos*]" = "iPhone Developer";
				COPY_PHASE_STRIP = NO;
				GCC_C_LANGUAGE_STANDARD = gnu99;
				GCC_DYNAMIC_NO_PIC = NO;
				GCC_OPTIMIZATION_LEVEL = 0;
				GCC_PREPROCESSOR_DEFINITIONS = (
					"DEBUG=1",
					"$(inherited)",
				);
				GCC_SYMBOLS_PRIVATE_EXTERN = NO;
				GCC_WARN_ABOUT_RETURN_TYPE = YES;
				GCC_WARN_UNINITIALIZED_AUTOS = YES;
				GCC_WARN_UNUSED_VARIABLE = YES;
				IPHONEOS_DEPLOYMENT_TARGET = 6.1;
				ONLY_ACTIVE_ARCH = YES;
				SDKROOT = iphoneos;
			};
			name = Debug;
		};
		70FE901F1710108000B68CFC /* Release */ = {
			isa = XCBuildConfiguration;
			buildSettings = {
				ALWAYS_SEARCH_USER_PATHS = NO;
				CLANG_CXX_LANGUAGE_STANDARD = "gnu++0x";
				CLANG_CXX_LIBRARY = "libc++";
				CLANG_WARN_CONSTANT_CONVERSION = YES;
				CLANG_WARN_EMPTY_BODY = YES;
				CLANG_WARN_ENUM_CONVERSION = YES;
				CLANG_WARN_INT_CONVERSION = YES;
				CLANG_WARN__DUPLICATE_METHOD_MATCH = YES;
				"CODE_SIGN_IDENTITY[sdk=iphoneos*]" = "iPhone Developer";
				COPY_PHASE_STRIP = YES;
				GCC_C_LANGUAGE_STANDARD = gnu99;
				GCC_WARN_ABOUT_RETURN_TYPE = YES;
				GCC_WARN_UNINITIALIZED_AUTOS = YES;
				GCC_WARN_UNUSED_VARIABLE = YES;
				IPHONEOS_DEPLOYMENT_TARGET = 6.1;
				OTHER_CFLAGS = "-DNS_BLOCK_ASSERTIONS=1";
				SDKROOT = iphoneos;
				VALIDATE_PRODUCT = YES;
			};
			name = Release;
		};
		70FE90211710108000B68CFC /* Debug */ = {
			isa = XCBuildConfiguration;
			buildSettings = {
				GCC_PRECOMPILE_PREFIX_HEADER = YES;
				GCC_PREFIX_HEADER = "tableView/tableView-Prefix.pch";
				INFOPLIST_FILE = "tableView/tableView-Info.plist";
				PRODUCT_NAME = "$(TARGET_NAME)";
				WRAPPER_EXTENSION = app;
			};
			name = Debug;
		};
		70FE90221710108000B68CFC /* Release */ = {
			isa = XCBuildConfiguration;
			buildSettings = {
				GCC_PRECOMPILE_PREFIX_HEADER = YES;
				GCC_PREFIX_HEADER = "tableView/tableView-Prefix.pch";
				INFOPLIST_FILE = "tableView/tableView-Info.plist";
				PRODUCT_NAME = "$(TARGET_NAME)";
				WRAPPER_EXTENSION = app;
			};
			name = Release;
		};
/* End XCBuildConfiguration section */

/* Begin XCConfigurationList section */
		70FE8FEA1710108000B68CFC /* Build configuration list for PBXProject "tableView" */ = {
			isa = XCConfigurationList;
			buildConfigurations = (
				70FE901E1710108000B68CFC /* Debug */,
				70FE901F1710108000B68CFC /* Release */,
			);
			defaultConfigurationIsVisible = 0;
			defaultConfigurationName = Release;
		};
		70FE90201710108000B68CFC /* Build configuration list for PBXNativeTarget "tableView" */ = {
			isa = XCConfigurationList;
			buildConfigurations = (
				70FE90211710108000B68CFC /* Debug */,
				70FE90221710108000B68CFC /* Release */,
			);
			defaultConfigurationIsVisible = 0;
		};
/* End XCConfigurationList section */
	};
	rootObject = 70FE8FE71710108000B68CFC /* Project object */;
}
