// !$*UTF8*$!
{
	archiveVersion = 1;
	classes = {
	};
	objectVersion = 46;
	objects = {

/* Begin PBXBuildFile section */
		704BAB801699BA9400659A65 /* UIKit.framework in Frameworks */ = {isa = PBXBuildFile; fileRef = 704BAB7F1699BA9400659A65 /* UIKit.framework */; };
		704BAB821699BA9400659A65 /* Foundation.framework in Frameworks */ = {isa = PBXBuildFile; fileRef = 704BAB811699BA9400659A65 /* Foundation.framework */; };
		704BAB841699BA9400659A65 /* CoreGraphics.framework in Frameworks */ = {isa = PBXBuildFile; fileRef = 704BAB831699BA9400659A65 /* CoreGraphics.framework */; };
		704BAB8A1699BA9400659A65 /* InfoPlist.strings in Resources */ = {isa = PBXBuildFile; fileRef = 704BAB881699BA9400659A65 /* InfoPlist.strings */; };
		704BAB8C1699BA9400659A65 /* main.m in Sources */ = {isa = PBXBuildFile; fileRef = 704BAB8B1699BA9400659A65 /* main.m */; };
		704BAB901699BA9400659A65 /* AppDelegate.m in Sources */ = {isa = PBXBuildFile; fileRef = 704BAB8F1699BA9400659A65 /* AppDelegate.m */; };
		704BAB921699BA9400659A65 /* Default.png in Resources */ = {isa = PBXBuildFile; fileRef = 704BAB911699BA9400659A65 /* Default.png */; };
		704BAB941699BA9400659A65 /* Default@2x.png in Resources */ = {isa = PBXBuildFile; fileRef = 704BAB931699BA9400659A65 /* Default@2x.png */; };
		704BAB961699BA9400659A65 /* Default-568h@2x.png in Resources */ = {isa = PBXBuildFile; fileRef = 704BAB951699BA9400659A65 /* Default-568h@2x.png */; };
		704BAB991699BA9400659A65 /* ViewController.m in Sources */ = {isa = PBXBuildFile; fileRef = 704BAB981699BA9400659A65 /* ViewController.m */; };
		704BAB9C1699BA9400659A65 /* ViewController.xib in Resources */ = {isa = PBXBuildFile; fileRef = 704BAB9A1699BA9400659A65 /* ViewController.xib */; };
/* End PBXBuildFile section */

/* Begin PBXFileReference section */
		704BAB7B1699BA9400659A65 /* caculator.app */ = {isa = PBXFileReference; explicitFileType = wrapper.application; includeInIndex = 0; path = caculator.app; sourceTree = BUILT_PRODUCTS_DIR; };
		704BAB7F1699BA9400659A65 /* UIKit.framework */ = {isa = PBXFileReference; lastKnownFileType = wrapper.framework; name = UIKit.framework; path = System/Library/Frameworks/UIKit.framework; sourceTree = SDKROOT; };
		704BAB811699BA9400659A65 /* Foundation.framework */ = {isa = PBXFileReference; lastKnownFileType = wrapper.framework; name = Foundation.framework; path = System/Library/Frameworks/Foundation.framework; sourceTree = SDKROOT; };
		704BAB831699BA9400659A65 /* CoreGraphics.framework */ = {isa = PBXFileReference; lastKnownFileType = wrapper.framework; name = CoreGraphics.framework; path = System/Library/Frameworks/CoreGraphics.framework; sourceTree = SDKROOT; };
		704BAB871699BA9400659A65 /* caculator-Info.plist */ = {isa = PBXFileReference; lastKnownFileType = text.plist.xml; path = "caculator-Info.plist"; sourceTree = "<group>"; };
		704BAB891699BA9400659A65 /* en */ = {isa = PBXFileReference; lastKnownFileType = text.plist.strings; name = en; path = en.lproj/InfoPlist.strings; sourceTree = "<group>"; };
		704BAB8B1699BA9400659A65 /* main.m */ = {isa = PBXFileReference; lastKnownFileType = sourcecode.c.objc; path = main.m; sourceTree = "<group>"; };
		704BAB8D1699BA9400659A65 /* caculator-Prefix.pch */ = {isa = PBXFileReference; lastKnownFileType = sourcecode.c.h; path = "caculator-Prefix.pch"; sourceTree = "<group>"; };
		704BAB8E1699BA9400659A65 /* AppDelegate.h */ = {isa = PBXFileReference; lastKnownFileType = sourcecode.c.h; path = AppDelegate.h; sourceTree = "<group>"; };
		704BAB8F1699BA9400659A65 /* AppDelegate.m */ = {isa = PBXFileReference; lastKnownFileType = sourcecode.c.objc; path = AppDelegate.m; sourceTree = "<group>"; };
		704BAB911699BA9400659A65 /* Default.png */ = {isa = PBXFileReference; lastKnownFileType = image.png; path = Default.png; sourceTree = "<group>"; };
		704BAB931699BA9400659A65 /* Default@2x.png */ = {isa = PBXFileReference; lastKnownFileType = image.png; path = "Default@2x.png"; sourceTree = "<group>"; };
		704BAB951699BA9400659A65 /* Default-568h@2x.png */ = {isa = PBXFileReference; lastKnownFileType = image.png; path = "Default-568h@2x.png"; sourceTree = "<group>"; };
		704BAB971699BA9400659A65 /* ViewController.h */ = {isa = PBXFileReference; lastKnownFileType = sourcecode.c.h; path = ViewController.h; sourceTree = "<group>"; };
		704BAB981699BA9400659A65 /* ViewController.m */ = {isa = PBXFileReference; lastKnownFileType = sourcecode.c.objc; path = ViewController.m; sourceTree = "<group>"; };
		704BAB9B1699BA9400659A65 /* en */ = {isa = PBXFileReference; lastKnownFileType = file.xib; name = en; path = en.lproj/ViewController.xib; sourceTree = "<group>"; };
/* End PBXFileReference section */

/* Begin PBXFrameworksBuildPhase section */
		704BAB781699BA9400659A65 /* Frameworks */ = {
			isa = PBXFrameworksBuildPhase;
			buildActionMask = 2147483647;
			files = (
				704BAB801699BA9400659A65 /* UIKit.framework in Frameworks */,
				704BAB821699BA9400659A65 /* Foundation.framework in Frameworks */,
				704BAB841699BA9400659A65 /* CoreGraphics.framework in Frameworks */,
			);
			runOnlyForDeploymentPostprocessing = 0;
		};
/* End PBXFrameworksBuildPhase section */

/* Begin PBXGroup section */
		704BAB701699BA9400659A65 = {
			isa = PBXGroup;
			children = (
				704BAB851699BA9400659A65 /* caculator */,
				704BAB7E1699BA9400659A65 /* Frameworks */,
				704BAB7C1699BA9400659A65 /* Products */,
			);
			sourceTree = "<group>";
		};
		704BAB7C1699BA9400659A65 /* Products */ = {
			isa = PBXGroup;
			children = (
				704BAB7B1699BA9400659A65 /* caculator.app */,
			);
			name = Products;
			sourceTree = "<group>";
		};
		704BAB7E1699BA9400659A65 /* Frameworks */ = {
			isa = PBXGroup;
			children = (
				704BAB7F1699BA9400659A65 /* UIKit.framework */,
				704BAB811699BA9400659A65 /* Foundation.framework */,
				704BAB831699BA9400659A65 /* CoreGraphics.framework */,
			);
			name = Frameworks;
			sourceTree = "<group>";
		};
		704BAB851699BA9400659A65 /* caculator */ = {
			isa = PBXGroup;
			children = (
				704BAB8E1699BA9400659A65 /* AppDelegate.h */,
				704BAB8F1699BA9400659A65 /* AppDelegate.m */,
				704BAB971699BA9400659A65 /* ViewController.h */,
				704BAB981699BA9400659A65 /* ViewController.m */,
				704BAB9A1699BA9400659A65 /* ViewController.xib */,
				704BAB861699BA9400659A65 /* Supporting Files */,
			);
			path = caculator;
			sourceTree = "<group>";
		};
		704BAB861699BA9400659A65 /* Supporting Files */ = {
			isa = PBXGroup;
			children = (
				704BAB871699BA9400659A65 /* caculator-Info.plist */,
				704BAB881699BA9400659A65 /* InfoPlist.strings */,
				704BAB8B1699BA9400659A65 /* main.m */,
				704BAB8D1699BA9400659A65 /* caculator-Prefix.pch */,
				704BAB911699BA9400659A65 /* Default.png */,
				704BAB931699BA9400659A65 /* Default@2x.png */,
				704BAB951699BA9400659A65 /* Default-568h@2x.png */,
			);
			name = "Supporting Files";
			sourceTree = "<group>";
		};
/* End PBXGroup section */

/* Begin PBXNativeTarget section */
		704BAB7A1699BA9400659A65 /* caculator */ = {
			isa = PBXNativeTarget;
			buildConfigurationList = 704BAB9F1699BA9400659A65 /* Build configuration list for PBXNativeTarget "caculator" */;
			buildPhases = (
				704BAB771699BA9400659A65 /* Sources */,
				704BAB781699BA9400659A65 /* Frameworks */,
				704BAB791699BA9400659A65 /* Resources */,
			);
			buildRules = (
			);
			dependencies = (
			);
			name = caculator;
			productName = caculator;
			productReference = 704BAB7B1699BA9400659A65 /* caculator.app */;
			productType = "com.apple.product-type.application";
		};
/* End PBXNativeTarget section */

/* Begin PBXProject section */
		704BAB721699BA9400659A65 /* Project object */ = {
			isa = PBXProject;
			attributes = {
				LastUpgradeCheck = 0450;
				ORGANIZATIONNAME = kim;
			};
			buildConfigurationList = 704BAB751699BA9400659A65 /* Build configuration list for PBXProject "caculator" */;
			compatibilityVersion = "Xcode 3.2";
			developmentRegion = English;
			hasScannedForEncodings = 0;
			knownRegions = (
				en,
			);
			mainGroup = 704BAB701699BA9400659A65;
			productRefGroup = 704BAB7C1699BA9400659A65 /* Products */;
			projectDirPath = "";
			projectRoot = "";
			targets = (
				704BAB7A1699BA9400659A65 /* caculator */,
			);
		};
/* End PBXProject section */

/* Begin PBXResourcesBuildPhase section */
		704BAB791699BA9400659A65 /* Resources */ = {
			isa = PBXResourcesBuildPhase;
			buildActionMask = 2147483647;
			files = (
				704BAB8A1699BA9400659A65 /* InfoPlist.strings in Resources */,
				704BAB921699BA9400659A65 /* Default.png in Resources */,
				704BAB941699BA9400659A65 /* Default@2x.png in Resources */,
				704BAB961699BA9400659A65 /* Default-568h@2x.png in Resources */,
				704BAB9C1699BA9400659A65 /* ViewController.xib in Resources */,
			);
			runOnlyForDeploymentPostprocessing = 0;
		};
/* End PBXResourcesBuildPhase section */

/* Begin PBXSourcesBuildPhase section */
		704BAB771699BA9400659A65 /* Sources */ = {
			isa = PBXSourcesBuildPhase;
			buildActionMask = 2147483647;
			files = (
				704BAB8C1699BA9400659A65 /* main.m in Sources */,
				704BAB901699BA9400659A65 /* AppDelegate.m in Sources */,
				704BAB991699BA9400659A65 /* ViewController.m in Sources */,
			);
			runOnlyForDeploymentPostprocessing = 0;
		};
/* End PBXSourcesBuildPhase section */

/* Begin PBXVariantGroup section */
		704BAB881699BA9400659A65 /* InfoPlist.strings */ = {
			isa = PBXVariantGroup;
			children = (
				704BAB891699BA9400659A65 /* en */,
			);
			name = InfoPlist.strings;
			sourceTree = "<group>";
		};
		704BAB9A1699BA9400659A65 /* ViewController.xib */ = {
			isa = PBXVariantGroup;
			children = (
				704BAB9B1699BA9400659A65 /* en */,
			);
			name = ViewController.xib;
			sourceTree = "<group>";
		};
/* End PBXVariantGroup section */

/* Begin XCBuildConfiguration section */
		704BAB9D1699BA9400659A65 /* Debug */ = {
			isa = XCBuildConfiguration;
			buildSettings = {
				ALWAYS_SEARCH_USER_PATHS = NO;
				CLANG_CXX_LANGUAGE_STANDARD = "gnu++0x";
				CLANG_CXX_LIBRARY = "libc++";
				CLANG_WARN_EMPTY_BODY = YES;
				CLANG_WARN__DUPLICATE_METHOD_MATCH = YES;
				"CODE_SIGN_IDENTITY[sdk=iphoneos*]" = "iPhone Developer";
				COPY_PHASE_STRIP = NO;
				GCC_C_LANGUAGE_STANDARD = gnu99;
				GCC_DYNAMIC_NO_PIC = NO;
				GCC_OPTIMIZATION_LEVEL = 0;
				GCC_PREPROCESSOR_DEFINITIONS = (
					"DEBUG=1",
					"$(inherited)",
				);
				GCC_SYMBOLS_PRIVATE_EXTERN = NO;
				GCC_WARN_ABOUT_RETURN_TYPE = YES;
				GCC_WARN_UNINITIALIZED_AUTOS = YES;
				GCC_WARN_UNUSED_VARIABLE = YES;
				IPHONEOS_DEPLOYMENT_TARGET = 6.0;
				ONLY_ACTIVE_ARCH = YES;
				SDKROOT = iphoneos;
			};
			name = Debug;
		};
		704BAB9E1699BA9400659A65 /* Release */ = {
			isa = XCBuildConfiguration;
			buildSettings = {
				ALWAYS_SEARCH_USER_PATHS = NO;
				CLANG_CXX_LANGUAGE_STANDARD = "gnu++0x";
				CLANG_CXX_LIBRARY = "libc++";
				CLANG_WARN_EMPTY_BODY = YES;
				CLANG_WARN__DUPLICATE_METHOD_MATCH = YES;
				"CODE_SIGN_IDENTITY[sdk=iphoneos*]" = "iPhone Developer";
				COPY_PHASE_STRIP = YES;
				GCC_C_LANGUAGE_STANDARD = gnu99;
				GCC_WARN_ABOUT_RETURN_TYPE = YES;
				GCC_WARN_UNINITIALIZED_AUTOS = YES;
				GCC_WARN_UNUSED_VARIABLE = YES;
				IPHONEOS_DEPLOYMENT_TARGET = 6.0;
				OTHER_CFLAGS = "-DNS_BLOCK_ASSERTIONS=1";
				SDKROOT = iphoneos;
				VALIDATE_PRODUCT = YES;
			};
			name = Release;
		};
		704BABA01699BA9400659A65 /* Debug */ = {
			isa = XCBuildConfiguration;
			buildSettings = {
				GCC_PRECOMPILE_PREFIX_HEADER = YES;
				GCC_PREFIX_HEADER = "caculator/caculator-Prefix.pch";
				INFOPLIST_FILE = "caculator/caculator-Info.plist";
				PRODUCT_NAME = "$(TARGET_NAME)";
				WRAPPER_EXTENSION = app;
			};
			name = Debug;
		};
		704BABA11699BA9400659A65 /* Release */ = {
			isa = XCBuildConfiguration;
			buildSettings = {
				GCC_PRECOMPILE_PREFIX_HEADER = YES;
				GCC_PREFIX_HEADER = "caculator/caculator-Prefix.pch";
				INFOPLIST_FILE = "caculator/caculator-Info.plist";
				PRODUCT_NAME = "$(TARGET_NAME)";
				WRAPPER_EXTENSION = app;
			};
			name = Release;
		};
/* End XCBuildConfiguration section */

/* Begin XCConfigurationList section */
		704BAB751699BA9400659A65 /* Build configuration list for PBXProject "caculator" */ = {
			isa = XCConfigurationList;
			buildConfigurations = (
				704BAB9D1699BA9400659A65 /* Debug */,
				704BAB9E1699BA9400659A65 /* Release */,
			);
			defaultConfigurationIsVisible = 0;
			defaultConfigurationName = Release;
		};
		704BAB9F1699BA9400659A65 /* Build configuration list for PBXNativeTarget "caculator" */ = {
			isa = XCConfigurationList;
			buildConfigurations = (
				704BABA01699BA9400659A65 /* Debug */,
				704BABA11699BA9400659A65 /* Release */,
			);
			defaultConfigurationIsVisible = 0;
		};
/* End XCConfigurationList section */
	};
	rootObject = 704BAB721699BA9400659A65 /* Project object */;
}
